
Microsoft Visual Studio Solution File, Format Version 12.00
# Visual Studio Version 17
VisualStudioVersion = 17.12.35514.174 d17.12
MinimumVisualStudioVersion = 10.0.40219.1
Project("{FAE04EC0-301F-11D3-BF4B-00C04F79EFBC}") = "gitbase-desktop", "gitbase-desktop.csproj", "{BDC90B53-4ECD-431D-9AC4-5BB9E1FF1407}"
EndProject
Global
	GlobalSection(SolutionConfigurationPlatforms) = preSolution
		Debug|Any CPU = Debug|Any CPU
		Release|Any CPU = Release|Any CPU
	EndGlobalSection
	GlobalSection(ProjectConfigurationPlatforms) = postSolution
		{BDC90B53-4ECD-431D-9AC4-5BB9E1FF1407}.Debug|Any CPU.ActiveCfg = Debug|Any CPU
		{BDC90B53-4ECD-431D-9AC4-5BB9E1FF1407}.Debug|Any CPU.Build.0 = Debug|Any CPU
		{BDC90B53-4ECD-431D-9AC4-5BB9E1FF1407}.Release|Any CPU.ActiveCfg = Release|Any CPU
		{BDC90B53-4ECD-431D-9AC4-5BB9E1FF1407}.Release|Any CPU.Build.0 = Release|Any CPU
	EndGlobalSection
	GlobalSection(SolutionProperties) = preSolution
		HideSolutionNode = FALSE
	EndGlobalSection
EndGlobal
