
Microsoft Visual Studio Solution File, Format Version 12.00
# Visual Studio Version 17
VisualStudioVersion = 17.4.33213.308
MinimumVisualStudioVersion = 10.0.40219.1
Project("{FAE04EC0-301F-11D3-BF4B-00C04F79EFBC}") = "GitbaseBackend", "GitbaseBackend.csproj", "{D8835C90-CA8E-4487-A00B-6FAB1C64B8D1}"
EndProject
Global
	GlobalSection(SolutionConfigurationPlatforms) = preSolution
		Debug|Any CPU = Debug|Any CPU
		Release|Any CPU = Release|Any CPU
	EndGlobalSection
	GlobalSection(ProjectConfigurationPlatforms) = postSolution
		{D8835C90-CA8E-4487-A00B-6FAB1C64B8D1}.Debug|Any CPU.ActiveCfg = Debug|Any CPU
		{D8835C90-CA8E-4487-A00B-6FAB1C64B8D1}.Debug|Any CPU.Build.0 = Debug|Any CPU
		{D8835C90-CA8E-4487-A00B-6FAB1C64B8D1}.Release|Any CPU.ActiveCfg = Release|Any CPU
		{D8835C90-CA8E-4487-A00B-6FAB1C64B8D1}.Release|Any CPU.Build.0 = Release|Any CPU
	EndGlobalSection
	GlobalSection(SolutionProperties) = preSolution
		HideSolutionNode = FALSE
	EndGlobalSection
	GlobalSection(ExtensibilityGlobals) = postSolution
		SolutionGuid = {70112778-DE7D-44E9-BFB6-EB26D50FE10B}
	EndGlobalSection
EndGlobal
